{
  "name": "npm",
  "lockfileVersion": 3,
  "requires": true,
  "packages": {
    "": {
      "dependencies": {
        "@tencent-weixin/openclaw-weixin": "2.4.3"
      }
    },
    "node_modules/@tencent-weixin/openclaw-weixin": {
      "version": "2.4.3",
      "resolved": "https://registry.npmjs.org/@tencent-weixin/openclaw-weixin/-/openclaw-weixin-2.4.3.tgz",
      "integrity": "sha512-dPQbidUNWigC6V10vGW4i+GLH09x+6zUhafZRjuxkJ9GDu8o62WBsnUTojp4KqUH756hz+t2v9khiCRSi0dBDw==",
      "license": "MIT",
      "dependencies": {
        "qrcode-terminal": "0.12.0",
        "zod": "^4.3.6"
      },
      "engines": {
        "node": ">=22"
      },
      "peerDependencies": {
        "openclaw": ">=2026.3.22"
      }
    },
    "node_modules/qrcode-terminal": {
      "version": "0.12.0",
      "resolved": "https://registry.npmjs.org/qrcode-terminal/-/qrcode-terminal-0.12.0.tgz",
      "integrity": "sha512-EXtzRZmC+YGmGlDFbXKxQiMZNwCLEO6BANKXG4iCtSIM0yqc/pappSx3RIKr4r0uh5JsBckOXeKrB3Iz7mdQpQ==",
      "bin": {
        "qrcode-terminal": "bin/qrcode-terminal.js"
      }
    },
    "node_modules/zod": {
      "version": "4.4.3",
      "resolved": "https://registry.npmjs.org/zod/-/zod-4.4.3.tgz",
      "integrity": "sha512-ytENFjIJFl2UwYglde2jchW2Hwm4GJFLDiSXWdTrJQBIN9Fcyp7n4DhxJEiWNAJMV1/BqWfW/kkg71UDcHJyTQ==",
      "license": "MIT",
      "funding": {
        "url": "https://github.com/sponsors/colinhacks"
      }
    }
  }
}
